<Solution>
  <Folder Name="/1. Creational/">
    <Project Path="DesignPatterns.Builder/DesignPatterns.Builder.csproj" Id="6a64ed7f-1680-4574-b5db-6078e084768b" />
    <Project Path="DesignPatterns.Prototype/DesignPatterns.Prototype.csproj" />
    <Project Path="DesignPatterns.SimpleFactory/DesignPatterns.SimpleFactory.csproj" Id="937faef9-674d-4abd-8a63-ebf394454a75" />
  </Folder>
  <Folder Name="/2. Structural/" />
  <Folder Name="/3. Behavior/" />
</Solution>
